
Microsoft Visual Studio Solution File, Format Version 12.00
# Visual Studio Version 17
VisualStudioVersion = 17.4.33205.214
MinimumVisualStudioVersion = 10.0.40219.1
Project("{FAE04EC0-301F-11D3-BF4B-00C04F79EFBC}") = "pong", "pong.csproj", "{EC933E51-19F3-4CB7-9995-64B4B0CCC5C9}"
EndProject
Global
	GlobalSection(SolutionConfigurationPlatforms) = preSolution
		Debug|Any CPU = Debug|Any CPU
		Release|Any CPU = Release|Any CPU
	EndGlobalSection
	GlobalSection(ProjectConfigurationPlatforms) = postSolution
		{EC933E51-19F3-4CB7-9995-64B4B0CCC5C9}.Debug|Any CPU.ActiveCfg = Debug|Any CPU
		{EC933E51-19F3-4CB7-9995-64B4B0CCC5C9}.Debug|Any CPU.Build.0 = Debug|Any CPU
		{EC933E51-19F3-4CB7-9995-64B4B0CCC5C9}.Release|Any CPU.ActiveCfg = Release|Any CPU
		{EC933E51-19F3-4CB7-9995-64B4B0CCC5C9}.Release|Any CPU.Build.0 = Release|Any CPU
	EndGlobalSection
	GlobalSection(SolutionProperties) = preSolution
		HideSolutionNode = FALSE
	EndGlobalSection
	GlobalSection(ExtensibilityGlobals) = postSolution
		SolutionGuid = {8AC659AE-C5F7-4826-8F0E-C23F88187F7C}
	EndGlobalSection
EndGlobal
